
Microsoft Visual Studio Solution File, Format Version 12.00
# Visual Studio Version 16
VisualStudioVersion = 16.0.29613.14
MinimumVisualStudioVersion = 10.0.40219.1
Project("{FAE04EC0-301F-11D3-BF4B-00C04F79EFBC}") = "LibrarySystem.Web", "LibrarySystem.Web\LibrarySystem.Web.csproj", "{C8E01A3B-1470-4E8D-B743-1E9B1575E85E}"
EndProject
Global
	GlobalSection(SolutionConfigurationPlatforms) = preSolution
		Debug|Any CPU = Debug|Any CPU
		Release|Any CPU = Release|Any CPU
	EndGlobalSection
	GlobalSection(ProjectConfigurationPlatforms) = postSolution
		{C8E01A3B-1470-4E8D-B743-1E9B1575E85E}.Debug|Any CPU.ActiveCfg = Debug|Any CPU
		{C8E01A3B-1470-4E8D-B743-1E9B1575E85E}.Debug|Any CPU.Build.0 = Debug|Any CPU
		{C8E01A3B-1470-4E8D-B743-1E9B1575E85E}.Release|Any CPU.ActiveCfg = Release|Any CPU
		{C8E01A3B-1470-4E8D-B743-1E9B1575E85E}.Release|Any CPU.Build.0 = Release|Any CPU
	EndGlobalSection
	GlobalSection(SolutionProperties) = preSolution
		HideSolutionNode = FALSE
	EndGlobalSection
	GlobalSection(ExtensibilityGlobals) = postSolution
		SolutionGuid = {B5EBBDA0-6715-4DC9-9AB1-891AAAFD0A20}
	EndGlobalSection
EndGlobal
